
Microsoft Visual Studio Solution File, Format Version 12.00
# Visual Studio Version 17
VisualStudioVersion = 17.10.35027.167
MinimumVisualStudioVersion = 10.0.40219.1
Project("{2150E333-8FDC-42A3-9474-1A3956D46DE8}") = "Services", "Services", "{11CA162B-551A-490C-A17C-E12A502CF354}"
EndProject
Project("{2150E333-8FDC-42A3-9474-1A3956D46DE8}") = "Catalog", "Catalog", "{3BE0A1E5-2525-4E12-838E-108E168DE158}"
EndProject
Project("{FAE04EC0-301F-11D3-BF4B-00C04F79EFBC}") = "Catalog.API", "Services\Catalog\Catalog.API\Catalog.API.csproj", "{E3D9B70B-7A51-4EB4-9EB7-0D7AB2060E79}"
EndProject
Project("{FAE04EC0-301F-11D3-BF4B-00C04F79EFBC}") = "Catalog.Application", "Services\Catalog\Catalog.Application\Catalog.Application.csproj", "{04A2B38A-053B-4743-8A9F-C3422500E04B}"
EndProject
Project("{FAE04EC0-301F-11D3-BF4B-00C04F79EFBC}") = "Catalog.Core", "Services\Catalog\Catalog.Core\Catalog.Core.csproj", "{E6678042-13FE-4C79-AD38-13DF6E23A415}"
EndProject
Project("{FAE04EC0-301F-11D3-BF4B-00C04F79EFBC}") = "Catalog.Infrastructure", "Services\Catalog\Catalog.Infrastructure\Catalog.Infrastructure.csproj", "{FCE692E6-9D9B-4E80-9171-131EAD4F2DE4}"
EndProject
Global
	GlobalSection(SolutionConfigurationPlatforms) = preSolution
		Debug|Any CPU = Debug|Any CPU
		Release|Any CPU = Release|Any CPU
	EndGlobalSection
	GlobalSection(ProjectConfigurationPlatforms) = postSolution
		{E3D9B70B-7A51-4EB4-9EB7-0D7AB2060E79}.Debug|Any CPU.ActiveCfg = Debug|Any CPU
		{E3D9B70B-7A51-4EB4-9EB7-0D7AB2060E79}.Debug|Any CPU.Build.0 = Debug|Any CPU
		{E3D9B70B-7A51-4EB4-9EB7-0D7AB2060E79}.Release|Any CPU.ActiveCfg = Release|Any CPU
		{E3D9B70B-7A51-4EB4-9EB7-0D7AB2060E79}.Release|Any CPU.Build.0 = Release|Any CPU
		{04A2B38A-053B-4743-8A9F-C3422500E04B}.Debug|Any CPU.ActiveCfg = Debug|Any CPU
		{04A2B38A-053B-4743-8A9F-C3422500E04B}.Debug|Any CPU.Build.0 = Debug|Any CPU
		{04A2B38A-053B-4743-8A9F-C3422500E04B}.Release|Any CPU.ActiveCfg = Release|Any CPU
		{04A2B38A-053B-4743-8A9F-C3422500E04B}.Release|Any CPU.Build.0 = Release|Any CPU
		{E6678042-13FE-4C79-AD38-13DF6E23A415}.Debug|Any CPU.ActiveCfg = Debug|Any CPU
		{E6678042-13FE-4C79-AD38-13DF6E23A415}.Debug|Any CPU.Build.0 = Debug|Any CPU
		{E6678042-13FE-4C79-AD38-13DF6E23A415}.Release|Any CPU.ActiveCfg = Release|Any CPU
		{E6678042-13FE-4C79-AD38-13DF6E23A415}.Release|Any CPU.Build.0 = Release|Any CPU
		{FCE692E6-9D9B-4E80-9171-131EAD4F2DE4}.Debug|Any CPU.ActiveCfg = Debug|Any CPU
		{FCE692E6-9D9B-4E80-9171-131EAD4F2DE4}.Debug|Any CPU.Build.0 = Debug|Any CPU
		{FCE692E6-9D9B-4E80-9171-131EAD4F2DE4}.Release|Any CPU.ActiveCfg = Release|Any CPU
		{FCE692E6-9D9B-4E80-9171-131EAD4F2DE4}.Release|Any CPU.Build.0 = Release|Any CPU
	EndGlobalSection
	GlobalSection(SolutionProperties) = preSolution
		HideSolutionNode = FALSE
	EndGlobalSection
	GlobalSection(NestedProjects) = preSolution
		{3BE0A1E5-2525-4E12-838E-108E168DE158} = {11CA162B-551A-490C-A17C-E12A502CF354}
		{E3D9B70B-7A51-4EB4-9EB7-0D7AB2060E79} = {3BE0A1E5-2525-4E12-838E-108E168DE158}
		{04A2B38A-053B-4743-8A9F-C3422500E04B} = {3BE0A1E5-2525-4E12-838E-108E168DE158}
		{E6678042-13FE-4C79-AD38-13DF6E23A415} = {3BE0A1E5-2525-4E12-838E-108E168DE158}
		{FCE692E6-9D9B-4E80-9171-131EAD4F2DE4} = {3BE0A1E5-2525-4E12-838E-108E168DE158}
	EndGlobalSection
	GlobalSection(ExtensibilityGlobals) = postSolution
		SolutionGuid = {14B18CA5-5BBD-4AC5-A567-B0753381DED0}
	EndGlobalSection
EndGlobal
